
Microsoft Visual Studio Solution File, Format Version 12.00
# Visual Studio 14
VisualStudioVersion = 14.0.25420.1
MinimumVisualStudioVersion = 10.0.40219.1
Project("{FAE04EC0-301F-11D3-BF4B-00C04F79EFBC}") = "ChefsForSeniors", "ChefsForSeniors\ChefsForSeniors\ChefsForSeniors.csproj", "{6C33E260-10AC-4199-8075-57A1D08C1D69}"
EndProject
Project("{FAE04EC0-301F-11D3-BF4B-00C04F79EFBC}") = "ChefsForSeniors.Droid", "ChefsForSeniors\ChefsForSeniors.Droid\ChefsForSeniors.Droid.csproj", "{DD99BD72-27CD-4DB9-9D79-044A79DDE462}"
EndProject
Project("{FAE04EC0-301F-11D3-BF4B-00C04F79EFBC}") = "ChefsForSeniors.iOS", "ChefsForSeniors\ChefsForSeniors.iOS\ChefsForSeniors.iOS.csproj", "{E4D5BFF9-E430-4CFC-9058-1A0FDE4CCCDA}"
EndProject
Project("{FAE04EC0-301F-11D3-BF4B-00C04F79EFBC}") = "ChefsForSeniors.UWP", "ChefsForSeniors\ChefsForSeniors.UWP\ChefsForSeniors.UWP.csproj", "{EB1BDA39-239D-4133-8602-7245D73C8292}"
EndProject
Project("{FAE04EC0-301F-11D3-BF4B-00C04F79EFBC}") = "ChefsForSeniors.Data.DTO", "..\..\ChefsForSeniors.Data.DTO\ChefsForSeniors.Data.DTO.csproj", "{C7923232-9152-426D-A672-F7D86D0EBAF8}"
EndProject
Project("{FAE04EC0-301F-11D3-BF4B-00C04F79EFBC}") = "ChefsForSeniors.Common", "..\..\ChefsForSeniors.Common\ChefsForSeniors.Common.csproj", "{07DAF2E0-7DE7-4C5D-8E7A-0A88425CAF8D}"
EndProject
Project("{2150E333-8FDC-42A3-9474-1A3956D46DE8}") = "WebService", "WebService", "{F2AB3373-88AE-4C31-9DD9-4252939656BD}"
EndProject
Global
	GlobalSection(SolutionConfigurationPlatforms) = preSolution
		Ad-Hoc|Any CPU = Ad-Hoc|Any CPU
		Ad-Hoc|ARM = Ad-Hoc|ARM
		Ad-Hoc|iPhone = Ad-Hoc|iPhone
		Ad-Hoc|iPhoneSimulator = Ad-Hoc|iPhoneSimulator
		Ad-Hoc|x64 = Ad-Hoc|x64
		Ad-Hoc|x86 = Ad-Hoc|x86
		AppStore|Any CPU = AppStore|Any CPU
		AppStore|ARM = AppStore|ARM
		AppStore|iPhone = AppStore|iPhone
		AppStore|iPhoneSimulator = AppStore|iPhoneSimulator
		AppStore|x64 = AppStore|x64
		AppStore|x86 = AppStore|x86
		Debug|Any CPU = Debug|Any CPU
		Debug|ARM = Debug|ARM
		Debug|iPhone = Debug|iPhone
		Debug|iPhoneSimulator = Debug|iPhoneSimulator
		Debug|x64 = Debug|x64
		Debug|x86 = Debug|x86
		Release|Any CPU = Release|Any CPU
		Release|ARM = Release|ARM
		Release|iPhone = Release|iPhone
		Release|iPhoneSimulator = Release|iPhoneSimulator
		Release|x64 = Release|x64
		Release|x86 = Release|x86
	EndGlobalSection
	GlobalSection(ProjectConfigurationPlatforms) = postSolution
		{6C33E260-10AC-4199-8075-57A1D08C1D69}.Ad-Hoc|Any CPU.ActiveCfg = Release|Any CPU
		{6C33E260-10AC-4199-8075-57A1D08C1D69}.Ad-Hoc|Any CPU.Build.0 = Release|Any CPU
		{6C33E260-10AC-4199-8075-57A1D08C1D69}.Ad-Hoc|ARM.ActiveCfg = Release|Any CPU
		{6C33E260-10AC-4199-8075-57A1D08C1D69}.Ad-Hoc|ARM.Build.0 = Release|Any CPU
		{6C33E260-10AC-4199-8075-57A1D08C1D69}.Ad-Hoc|iPhone.ActiveCfg = Release|Any CPU
		{6C33E260-10AC-4199-8075-57A1D08C1D69}.Ad-Hoc|iPhone.Build.0 = Release|Any CPU
		{6C33E260-10AC-4199-8075-57A1D08C1D69}.Ad-Hoc|iPhoneSimulator.ActiveCfg = Release|Any CPU
		{6C33E260-10AC-4199-8075-57A1D08C1D69}.Ad-Hoc|iPhoneSimulator.Build.0 = Release|Any CPU
		{6C33E260-10AC-4199-8075-57A1D08C1D69}.Ad-Hoc|x64.ActiveCfg = Release|Any CPU
		{6C33E260-10AC-4199-8075-57A1D08C1D69}.Ad-Hoc|x64.Build.0 = Release|Any CPU
		{6C33E260-10AC-4199-8075-57A1D08C1D69}.Ad-Hoc|x86.ActiveCfg = Release|Any CPU
		{6C33E260-10AC-4199-8075-57A1D08C1D69}.Ad-Hoc|x86.Build.0 = Release|Any CPU
		{6C33E260-10AC-4199-8075-57A1D08C1D69}.AppStore|Any CPU.ActiveCfg = Release|Any CPU
		{6C33E260-10AC-4199-8075-57A1D08C1D69}.AppStore|Any CPU.Build.0 = Release|Any CPU
		{6C33E260-10AC-4199-8075-57A1D08C1D69}.AppStore|ARM.ActiveCfg = Release|Any CPU
		{6C33E260-10AC-4199-8075-57A1D08C1D69}.AppStore|ARM.Build.0 = Release|Any CPU
		{6C33E260-10AC-4199-8075-57A1D08C1D69}.AppStore|iPhone.ActiveCfg = Release|Any CPU
		{6C33E260-10AC-4199-8075-57A1D08C1D69}.AppStore|iPhone.Build.0 = Release|Any CPU
		{6C33E260-10AC-4199-8075-57A1D08C1D69}.AppStore|iPhoneSimulator.ActiveCfg = Release|Any CPU
		{6C33E260-10AC-4199-8075-57A1D08C1D69}.AppStore|iPhoneSimulator.Build.0 = Release|Any CPU
		{6C33E260-10AC-4199-8075-57A1D08C1D69}.AppStore|x64.ActiveCfg = Release|Any CPU
		{6C33E260-10AC-4199-8075-57A1D08C1D69}.AppStore|x64.Build.0 = Release|Any CPU
		{6C33E260-10AC-4199-8075-57A1D08C1D69}.AppStore|x86.ActiveCfg = Release|Any CPU
		{6C33E260-10AC-4199-8075-57A1D08C1D69}.AppStore|x86.Build.0 = Release|Any CPU
		{6C33E260-10AC-4199-8075-57A1D08C1D69}.Debug|Any CPU.ActiveCfg = Debug|Any CPU
		{6C33E260-10AC-4199-8075-57A1D08C1D69}.Debug|Any CPU.Build.0 = Debug|Any CPU
		{6C33E260-10AC-4199-8075-57A1D08C1D69}.Debug|ARM.ActiveCfg = Debug|Any CPU
		{6C33E260-10AC-4199-8075-57A1D08C1D69}.Debug|ARM.Build.0 = Debug|Any CPU
		{6C33E260-10AC-4199-8075-57A1D08C1D69}.Debug|iPhone.ActiveCfg = Debug|Any CPU
		{6C33E260-10AC-4199-8075-57A1D08C1D69}.Debug|iPhone.Build.0 = Debug|Any CPU
		{6C33E260-10AC-4199-8075-57A1D08C1D69}.Debug|iPhoneSimulator.ActiveCfg = Debug|Any CPU
		{6C33E260-10AC-4199-8075-57A1D08C1D69}.Debug|iPhoneSimulator.Build.0 = Debug|Any CPU
		{6C33E260-10AC-4199-8075-57A1D08C1D69}.Debug|x64.ActiveCfg = Debug|Any CPU
		{6C33E260-10AC-4199-8075-57A1D08C1D69}.Debug|x64.Build.0 = Debug|Any CPU
		{6C33E260-10AC-4199-8075-57A1D08C1D69}.Debug|x86.ActiveCfg = Debug|Any CPU
		{6C33E260-10AC-4199-8075-57A1D08C1D69}.Debug|x86.Build.0 = Debug|Any CPU
		{6C33E260-10AC-4199-8075-57A1D08C1D69}.Release|Any CPU.ActiveCfg = Release|Any CPU
		{6C33E260-10AC-4199-8075-57A1D08C1D69}.Release|Any CPU.Build.0 = Release|Any CPU
		{6C33E260-10AC-4199-8075-57A1D08C1D69}.Release|ARM.ActiveCfg = Release|Any CPU
		{6C33E260-10AC-4199-8075-57A1D08C1D69}.Release|ARM.Build.0 = Release|Any CPU
		{6C33E260-10AC-4199-8075-57A1D08C1D69}.Release|iPhone.ActiveCfg = Release|Any CPU
		{6C33E260-10AC-4199-8075-57A1D08C1D69}.Release|iPhone.Build.0 = Release|Any CPU
		{6C33E260-10AC-4199-8075-57A1D08C1D69}.Release|iPhoneSimulator.ActiveCfg = Release|Any CPU
		{6C33E260-10AC-4199-8075-57A1D08C1D69}.Release|iPhoneSimulator.Build.0 = Release|Any CPU
		{6C33E260-10AC-4199-8075-57A1D08C1D69}.Release|x64.ActiveCfg = Release|Any CPU
		{6C33E260-10AC-4199-8075-57A1D08C1D69}.Release|x64.Build.0 = Release|Any CPU
		{6C33E260-10AC-4199-8075-57A1D08C1D69}.Release|x86.ActiveCfg = Release|Any CPU
		{6C33E260-10AC-4199-8075-57A1D08C1D69}.Release|x86.Build.0 = Release|Any CPU
		{DD99BD72-27CD-4DB9-9D79-044A79DDE462}.Ad-Hoc|Any CPU.ActiveCfg = Release|Any CPU
		{DD99BD72-27CD-4DB9-9D79-044A79DDE462}.Ad-Hoc|Any CPU.Build.0 = Release|Any CPU
		{DD99BD72-27CD-4DB9-9D79-044A79DDE462}.Ad-Hoc|Any CPU.Deploy.0 = Release|Any CPU
		{DD99BD72-27CD-4DB9-9D79-044A79DDE462}.Ad-Hoc|ARM.ActiveCfg = Release|Any CPU
		{DD99BD72-27CD-4DB9-9D79-044A79DDE462}.Ad-Hoc|ARM.Build.0 = Release|Any CPU
		{DD99BD72-27CD-4DB9-9D79-044A79DDE462}.Ad-Hoc|ARM.Deploy.0 = Release|Any CPU
		{DD99BD72-27CD-4DB9-9D79-044A79DDE462}.Ad-Hoc|iPhone.ActiveCfg = Release|Any CPU
		{DD99BD72-27CD-4DB9-9D79-044A79DDE462}.Ad-Hoc|iPhone.Build.0 = Release|Any CPU
		{DD99BD72-27CD-4DB9-9D79-044A79DDE462}.Ad-Hoc|iPhone.Deploy.0 = Release|Any CPU
		{DD99BD72-27CD-4DB9-9D79-044A79DDE462}.Ad-Hoc|iPhoneSimulator.ActiveCfg = Release|Any CPU
		{DD99BD72-27CD-4DB9-9D79-044A79DDE462}.Ad-Hoc|iPhoneSimulator.Build.0 = Release|Any CPU
		{DD99BD72-27CD-4DB9-9D79-044A79DDE462}.Ad-Hoc|iPhoneSimulator.Deploy.0 = Release|Any CPU
		{DD99BD72-27CD-4DB9-9D79-044A79DDE462}.Ad-Hoc|x64.ActiveCfg = Release|Any CPU
		{DD99BD72-27CD-4DB9-9D79-044A79DDE462}.Ad-Hoc|x64.Build.0 = Release|Any CPU
		{DD99BD72-27CD-4DB9-9D79-044A79DDE462}.Ad-Hoc|x64.Deploy.0 = Release|Any CPU
		{DD99BD72-27CD-4DB9-9D79-044A79DDE462}.Ad-Hoc|x86.ActiveCfg = Release|Any CPU
		{DD99BD72-27CD-4DB9-9D79-044A79DDE462}.Ad-Hoc|x86.Build.0 = Release|Any CPU
		{DD99BD72-27CD-4DB9-9D79-044A79DDE462}.Ad-Hoc|x86.Deploy.0 = Release|Any CPU
		{DD99BD72-27CD-4DB9-9D79-044A79DDE462}.AppStore|Any CPU.ActiveCfg = Release|Any CPU
		{DD99BD72-27CD-4DB9-9D79-044A79DDE462}.AppStore|Any CPU.Build.0 = Release|Any CPU
		{DD99BD72-27CD-4DB9-9D79-044A79DDE462}.AppStore|Any CPU.Deploy.0 = Release|Any CPU
		{DD99BD72-27CD-4DB9-9D79-044A79DDE462}.AppStore|ARM.ActiveCfg = Release|Any CPU
		{DD99BD72-27CD-4DB9-9D79-044A79DDE462}.AppStore|ARM.Build.0 = Release|Any CPU
		{DD99BD72-27CD-4DB9-9D79-044A79DDE462}.AppStore|ARM.Deploy.0 = Release|Any CPU
		{DD99BD72-27CD-4DB9-9D79-044A79DDE462}.AppStore|iPhone.ActiveCfg = Release|Any CPU
		{DD99BD72-27CD-4DB9-9D79-044A79DDE462}.AppStore|iPhone.Build.0 = Release|Any CPU
		{DD99BD72-27CD-4DB9-9D79-044A79DDE462}.AppStore|iPhone.Deploy.0 = Release|Any CPU
		{DD99BD72-27CD-4DB9-9D79-044A79DDE462}.AppStore|iPhoneSimulator.ActiveCfg = Release|Any CPU
		{DD99BD72-27CD-4DB9-9D79-044A79DDE462}.AppStore|iPhoneSimulator.Build.0 = Release|Any CPU
		{DD99BD72-27CD-4DB9-9D79-044A79DDE462}.AppStore|iPhoneSimulator.Deploy.0 = Release|Any CPU
		{DD99BD72-27CD-4DB9-9D79-044A79DDE462}.AppStore|x64.ActiveCfg = Release|Any CPU
		{DD99BD72-27CD-4DB9-9D79-044A79DDE462}.AppStore|x64.Build.0 = Release|Any CPU
		{DD99BD72-27CD-4DB9-9D79-044A79DDE462}.AppStore|x64.Deploy.0 = Release|Any CPU
		{DD99BD72-27CD-4DB9-9D79-044A79DDE462}.AppStore|x86.ActiveCfg = Release|Any CPU
		{DD99BD72-27CD-4DB9-9D79-044A79DDE462}.AppStore|x86.Build.0 = Release|Any CPU
		{DD99BD72-27CD-4DB9-9D79-044A79DDE462}.AppStore|x86.Deploy.0 = Release|Any CPU
		{DD99BD72-27CD-4DB9-9D79-044A79DDE462}.Debug|Any CPU.ActiveCfg = Debug|Any CPU
		{DD99BD72-27CD-4DB9-9D79-044A79DDE462}.Debug|Any CPU.Build.0 = Debug|Any CPU
		{DD99BD72-27CD-4DB9-9D79-044A79DDE462}.Debug|Any CPU.Deploy.0 = Debug|Any CPU
		{DD99BD72-27CD-4DB9-9D79-044A79DDE462}.Debug|ARM.ActiveCfg = Debug|Any CPU
		{DD99BD72-27CD-4DB9-9D79-044A79DDE462}.Debug|ARM.Build.0 = Debug|Any CPU
		{DD99BD72-27CD-4DB9-9D79-044A79DDE462}.Debug|ARM.Deploy.0 = Debug|Any CPU
		{DD99BD72-27CD-4DB9-9D79-044A79DDE462}.Debug|iPhone.ActiveCfg = Debug|Any CPU
		{DD99BD72-27CD-4DB9-9D79-044A79DDE462}.Debug|iPhone.Build.0 = Debug|Any CPU
		{DD99BD72-27CD-4DB9-9D79-044A79DDE462}.Debug|iPhone.Deploy.0 = Debug|Any CPU
		{DD99BD72-27CD-4DB9-9D79-044A79DDE462}.Debug|iPhoneSimulator.ActiveCfg = Debug|Any CPU
		{DD99BD72-27CD-4DB9-9D79-044A79DDE462}.Debug|iPhoneSimulator.Build.0 = Debug|Any CPU
		{DD99BD72-27CD-4DB9-9D79-044A79DDE462}.Debug|iPhoneSimulator.Deploy.0 = Debug|Any CPU
		{DD99BD72-27CD-4DB9-9D79-044A79DDE462}.Debug|x64.ActiveCfg = Debug|Any CPU
		{DD99BD72-27CD-4DB9-9D79-044A79DDE462}.Debug|x64.Build.0 = Debug|Any CPU
		{DD99BD72-27CD-4DB9-9D79-044A79DDE462}.Debug|x64.Deploy.0 = Debug|Any CPU
		{DD99BD72-27CD-4DB9-9D79-044A79DDE462}.Debug|x86.ActiveCfg = Debug|Any CPU
		{DD99BD72-27CD-4DB9-9D79-044A79DDE462}.Debug|x86.Build.0 = Debug|Any CPU
		{DD99BD72-27CD-4DB9-9D79-044A79DDE462}.Debug|x86.Deploy.0 = Debug|Any CPU
		{DD99BD72-27CD-4DB9-9D79-044A79DDE462}.Release|Any CPU.ActiveCfg = Release|Any CPU
		{DD99BD72-27CD-4DB9-9D79-044A79DDE462}.Release|Any CPU.Build.0 = Release|Any CPU
		{DD99BD72-27CD-4DB9-9D79-044A79DDE462}.Release|Any CPU.Deploy.0 = Release|Any CPU
		{DD99BD72-27CD-4DB9-9D79-044A79DDE462}.Release|ARM.ActiveCfg = Release|Any CPU
		{DD99BD72-27CD-4DB9-9D79-044A79DDE462}.Release|ARM.Build.0 = Release|Any CPU
		{DD99BD72-27CD-4DB9-9D79-044A79DDE462}.Release|ARM.Deploy.0 = Release|Any CPU
		{DD99BD72-27CD-4DB9-9D79-044A79DDE462}.Release|iPhone.ActiveCfg = Release|Any CPU
		{DD99BD72-27CD-4DB9-9D79-044A79DDE462}.Release|iPhone.Build.0 = Release|Any CPU
		{DD99BD72-27CD-4DB9-9D79-044A79DDE462}.Release|iPhone.Deploy.0 = Release|Any CPU
		{DD99BD72-27CD-4DB9-9D79-044A79DDE462}.Release|iPhoneSimulator.ActiveCfg = Release|Any CPU
		{DD99BD72-27CD-4DB9-9D79-044A79DDE462}.Release|iPhoneSimulator.Build.0 = Release|Any CPU
		{DD99BD72-27CD-4DB9-9D79-044A79DDE462}.Release|iPhoneSimulator.Deploy.0 = Release|Any CPU
		{DD99BD72-27CD-4DB9-9D79-044A79DDE462}.Release|x64.ActiveCfg = Release|Any CPU
		{DD99BD72-27CD-4DB9-9D79-044A79DDE462}.Release|x64.Build.0 = Release|Any CPU
		{DD99BD72-27CD-4DB9-9D79-044A79DDE462}.Release|x64.Deploy.0 = Release|Any CPU
		{DD99BD72-27CD-4DB9-9D79-044A79DDE462}.Release|x86.ActiveCfg = Release|Any CPU
		{DD99BD72-27CD-4DB9-9D79-044A79DDE462}.Release|x86.Build.0 = Release|Any CPU
		{DD99BD72-27CD-4DB9-9D79-044A79DDE462}.Release|x86.Deploy.0 = Release|Any CPU
		{E4D5BFF9-E430-4CFC-9058-1A0FDE4CCCDA}.Ad-Hoc|Any CPU.ActiveCfg = Ad-Hoc|iPhone
		{E4D5BFF9-E430-4CFC-9058-1A0FDE4CCCDA}.Ad-Hoc|ARM.ActiveCfg = Ad-Hoc|iPhone
		{E4D5BFF9-E430-4CFC-9058-1A0FDE4CCCDA}.Ad-Hoc|iPhone.ActiveCfg = Ad-Hoc|iPhone
		{E4D5BFF9-E430-4CFC-9058-1A0FDE4CCCDA}.Ad-Hoc|iPhone.Build.0 = Ad-Hoc|iPhone
		{E4D5BFF9-E430-4CFC-9058-1A0FDE4CCCDA}.Ad-Hoc|iPhoneSimulator.ActiveCfg = Ad-Hoc|iPhoneSimulator
		{E4D5BFF9-E430-4CFC-9058-1A0FDE4CCCDA}.Ad-Hoc|iPhoneSimulator.Build.0 = Ad-Hoc|iPhoneSimulator
		{E4D5BFF9-E430-4CFC-9058-1A0FDE4CCCDA}.Ad-Hoc|x64.ActiveCfg = Ad-Hoc|iPhone
		{E4D5BFF9-E430-4CFC-9058-1A0FDE4CCCDA}.Ad-Hoc|x86.ActiveCfg = Ad-Hoc|iPhone
		{E4D5BFF9-E430-4CFC-9058-1A0FDE4CCCDA}.AppStore|Any CPU.ActiveCfg = AppStore|iPhone
		{E4D5BFF9-E430-4CFC-9058-1A0FDE4CCCDA}.AppStore|ARM.ActiveCfg = AppStore|iPhone
		{E4D5BFF9-E430-4CFC-9058-1A0FDE4CCCDA}.AppStore|iPhone.ActiveCfg = AppStore|iPhone
		{E4D5BFF9-E430-4CFC-9058-1A0FDE4CCCDA}.AppStore|iPhone.Build.0 = AppStore|iPhone
		{E4D5BFF9-E430-4CFC-9058-1A0FDE4CCCDA}.AppStore|iPhoneSimulator.ActiveCfg = AppStore|iPhoneSimulator
		{E4D5BFF9-E430-4CFC-9058-1A0FDE4CCCDA}.AppStore|iPhoneSimulator.Build.0 = AppStore|iPhoneSimulator
		{E4D5BFF9-E430-4CFC-9058-1A0FDE4CCCDA}.AppStore|x64.ActiveCfg = AppStore|iPhone
		{E4D5BFF9-E430-4CFC-9058-1A0FDE4CCCDA}.AppStore|x86.ActiveCfg = AppStore|iPhone
		{E4D5BFF9-E430-4CFC-9058-1A0FDE4CCCDA}.Debug|Any CPU.ActiveCfg = Debug|iPhone
		{E4D5BFF9-E430-4CFC-9058-1A0FDE4CCCDA}.Debug|ARM.ActiveCfg = Debug|iPhone
		{E4D5BFF9-E430-4CFC-9058-1A0FDE4CCCDA}.Debug|iPhone.ActiveCfg = Debug|iPhone
		{E4D5BFF9-E430-4CFC-9058-1A0FDE4CCCDA}.Debug|iPhone.Build.0 = Debug|iPhone
		{E4D5BFF9-E430-4CFC-9058-1A0FDE4CCCDA}.Debug|iPhoneSimulator.ActiveCfg = Debug|iPhoneSimulator
		{E4D5BFF9-E430-4CFC-9058-1A0FDE4CCCDA}.Debug|iPhoneSimulator.Build.0 = Debug|iPhoneSimulator
		{E4D5BFF9-E430-4CFC-9058-1A0FDE4CCCDA}.Debug|x64.ActiveCfg = Debug|iPhone
		{E4D5BFF9-E430-4CFC-9058-1A0FDE4CCCDA}.Debug|x86.ActiveCfg = Debug|iPhone
		{E4D5BFF9-E430-4CFC-9058-1A0FDE4CCCDA}.Release|Any CPU.ActiveCfg = Release|iPhone
		{E4D5BFF9-E430-4CFC-9058-1A0FDE4CCCDA}.Release|ARM.ActiveCfg = Release|iPhone
		{E4D5BFF9-E430-4CFC-9058-1A0FDE4CCCDA}.Release|iPhone.ActiveCfg = Release|iPhone
		{E4D5BFF9-E430-4CFC-9058-1A0FDE4CCCDA}.Release|iPhone.Build.0 = Release|iPhone
		{E4D5BFF9-E430-4CFC-9058-1A0FDE4CCCDA}.Release|iPhoneSimulator.ActiveCfg = Release|iPhoneSimulator
		{E4D5BFF9-E430-4CFC-9058-1A0FDE4CCCDA}.Release|iPhoneSimulator.Build.0 = Release|iPhoneSimulator
		{E4D5BFF9-E430-4CFC-9058-1A0FDE4CCCDA}.Release|x64.ActiveCfg = Release|iPhone
		{E4D5BFF9-E430-4CFC-9058-1A0FDE4CCCDA}.Release|x86.ActiveCfg = Release|iPhone
		{EB1BDA39-239D-4133-8602-7245D73C8292}.Ad-Hoc|Any CPU.ActiveCfg = Release|x86
		{EB1BDA39-239D-4133-8602-7245D73C8292}.Ad-Hoc|Any CPU.Build.0 = Release|x86
		{EB1BDA39-239D-4133-8602-7245D73C8292}.Ad-Hoc|Any CPU.Deploy.0 = Release|x86
		{EB1BDA39-239D-4133-8602-7245D73C8292}.Ad-Hoc|ARM.ActiveCfg = Release|ARM
		{EB1BDA39-239D-4133-8602-7245D73C8292}.Ad-Hoc|ARM.Build.0 = Release|ARM
		{EB1BDA39-239D-4133-8602-7245D73C8292}.Ad-Hoc|ARM.Deploy.0 = Release|ARM
		{EB1BDA39-239D-4133-8602-7245D73C8292}.Ad-Hoc|iPhone.ActiveCfg = Release|x86
		{EB1BDA39-239D-4133-8602-7245D73C8292}.Ad-Hoc|iPhone.Build.0 = Release|x86
		{EB1BDA39-239D-4133-8602-7245D73C8292}.Ad-Hoc|iPhone.Deploy.0 = Release|x86
		{EB1BDA39-239D-4133-8602-7245D73C8292}.Ad-Hoc|iPhoneSimulator.ActiveCfg = Release|x86
		{EB1BDA39-239D-4133-8602-7245D73C8292}.Ad-Hoc|iPhoneSimulator.Build.0 = Release|x86
		{EB1BDA39-239D-4133-8602-7245D73C8292}.Ad-Hoc|iPhoneSimulator.Deploy.0 = Release|x86
		{EB1BDA39-239D-4133-8602-7245D73C8292}.Ad-Hoc|x64.ActiveCfg = Release|x64
		{EB1BDA39-239D-4133-8602-7245D73C8292}.Ad-Hoc|x64.Build.0 = Release|x64
		{EB1BDA39-239D-4133-8602-7245D73C8292}.Ad-Hoc|x64.Deploy.0 = Release|x64
		{EB1BDA39-239D-4133-8602-7245D73C8292}.Ad-Hoc|x86.ActiveCfg = Release|x86
		{EB1BDA39-239D-4133-8602-7245D73C8292}.Ad-Hoc|x86.Build.0 = Release|x86
		{EB1BDA39-239D-4133-8602-7245D73C8292}.Ad-Hoc|x86.Deploy.0 = Release|x86
		{EB1BDA39-239D-4133-8602-7245D73C8292}.AppStore|Any CPU.ActiveCfg = Release|x86
		{EB1BDA39-239D-4133-8602-7245D73C8292}.AppStore|Any CPU.Build.0 = Release|x86
		{EB1BDA39-239D-4133-8602-7245D73C8292}.AppStore|Any CPU.Deploy.0 = Release|x86
		{EB1BDA39-239D-4133-8602-7245D73C8292}.AppStore|ARM.ActiveCfg = Release|ARM
		{EB1BDA39-239D-4133-8602-7245D73C8292}.AppStore|ARM.Build.0 = Release|ARM
		{EB1BDA39-239D-4133-8602-7245D73C8292}.AppStore|ARM.Deploy.0 = Release|ARM
		{EB1BDA39-239D-4133-8602-7245D73C8292}.AppStore|iPhone.ActiveCfg = Release|x86
		{EB1BDA39-239D-4133-8602-7245D73C8292}.AppStore|iPhone.Build.0 = Release|x86
		{EB1BDA39-239D-4133-8602-7245D73C8292}.AppStore|iPhone.Deploy.0 = Release|x86
		{EB1BDA39-239D-4133-8602-7245D73C8292}.AppStore|iPhoneSimulator.ActiveCfg = Release|x86
		{EB1BDA39-239D-4133-8602-7245D73C8292}.AppStore|iPhoneSimulator.Build.0 = Release|x86
		{EB1BDA39-239D-4133-8602-7245D73C8292}.AppStore|iPhoneSimulator.Deploy.0 = Release|x86
		{EB1BDA39-239D-4133-8602-7245D73C8292}.AppStore|x64.ActiveCfg = Release|x64
		{EB1BDA39-239D-4133-8602-7245D73C8292}.AppStore|x64.Build.0 = Release|x64
		{EB1BDA39-239D-4133-8602-7245D73C8292}.AppStore|x64.Deploy.0 = Release|x64
		{EB1BDA39-239D-4133-8602-7245D73C8292}.AppStore|x86.ActiveCfg = Release|x86
		{EB1BDA39-239D-4133-8602-7245D73C8292}.AppStore|x86.Build.0 = Release|x86
		{EB1BDA39-239D-4133-8602-7245D73C8292}.AppStore|x86.Deploy.0 = Release|x86
		{EB1BDA39-239D-4133-8602-7245D73C8292}.Debug|Any CPU.ActiveCfg = Debug|x86
		{EB1BDA39-239D-4133-8602-7245D73C8292}.Debug|ARM.ActiveCfg = Debug|ARM
		{EB1BDA39-239D-4133-8602-7245D73C8292}.Debug|ARM.Build.0 = Debug|ARM
		{EB1BDA39-239D-4133-8602-7245D73C8292}.Debug|ARM.Deploy.0 = Debug|ARM
		{EB1BDA39-239D-4133-8602-7245D73C8292}.Debug|iPhone.ActiveCfg = Debug|x86
		{EB1BDA39-239D-4133-8602-7245D73C8292}.Debug|iPhoneSimulator.ActiveCfg = Debug|x86
		{EB1BDA39-239D-4133-8602-7245D73C8292}.Debug|x64.ActiveCfg = Debug|x64
		{EB1BDA39-239D-4133-8602-7245D73C8292}.Debug|x64.Build.0 = Debug|x64
		{EB1BDA39-239D-4133-8602-7245D73C8292}.Debug|x64.Deploy.0 = Debug|x64
		{EB1BDA39-239D-4133-8602-7245D73C8292}.Debug|x86.ActiveCfg = Debug|x86
		{EB1BDA39-239D-4133-8602-7245D73C8292}.Debug|x86.Build.0 = Debug|x86
		{EB1BDA39-239D-4133-8602-7245D73C8292}.Debug|x86.Deploy.0 = Debug|x86
		{EB1BDA39-239D-4133-8602-7245D73C8292}.Release|Any CPU.ActiveCfg = Release|x86
		{EB1BDA39-239D-4133-8602-7245D73C8292}.Release|ARM.ActiveCfg = Release|ARM
		{EB1BDA39-239D-4133-8602-7245D73C8292}.Release|ARM.Build.0 = Release|ARM
		{EB1BDA39-239D-4133-8602-7245D73C8292}.Release|ARM.Deploy.0 = Release|ARM
		{EB1BDA39-239D-4133-8602-7245D73C8292}.Release|iPhone.ActiveCfg = Release|x86
		{EB1BDA39-239D-4133-8602-7245D73C8292}.Release|iPhoneSimulator.ActiveCfg = Release|x86
		{EB1BDA39-239D-4133-8602-7245D73C8292}.Release|x64.ActiveCfg = Release|x64
		{EB1BDA39-239D-4133-8602-7245D73C8292}.Release|x64.Build.0 = Release|x64
		{EB1BDA39-239D-4133-8602-7245D73C8292}.Release|x64.Deploy.0 = Release|x64
		{EB1BDA39-239D-4133-8602-7245D73C8292}.Release|x86.ActiveCfg = Release|x86
		{EB1BDA39-239D-4133-8602-7245D73C8292}.Release|x86.Build.0 = Release|x86
		{EB1BDA39-239D-4133-8602-7245D73C8292}.Release|x86.Deploy.0 = Release|x86
		{C7923232-9152-426D-A672-F7D86D0EBAF8}.Ad-Hoc|Any CPU.ActiveCfg = Release|Any CPU
		{C7923232-9152-426D-A672-F7D86D0EBAF8}.Ad-Hoc|Any CPU.Build.0 = Release|Any CPU
		{C7923232-9152-426D-A672-F7D86D0EBAF8}.Ad-Hoc|ARM.ActiveCfg = Release|Any CPU
		{C7923232-9152-426D-A672-F7D86D0EBAF8}.Ad-Hoc|ARM.Build.0 = Release|Any CPU
		{C7923232-9152-426D-A672-F7D86D0EBAF8}.Ad-Hoc|iPhone.ActiveCfg = Release|Any CPU
		{C7923232-9152-426D-A672-F7D86D0EBAF8}.Ad-Hoc|iPhone.Build.0 = Release|Any CPU
		{C7923232-9152-426D-A672-F7D86D0EBAF8}.Ad-Hoc|iPhoneSimulator.ActiveCfg = Release|Any CPU
		{C7923232-9152-426D-A672-F7D86D0EBAF8}.Ad-Hoc|iPhoneSimulator.Build.0 = Release|Any CPU
		{C7923232-9152-426D-A672-F7D86D0EBAF8}.Ad-Hoc|x64.ActiveCfg = Release|Any CPU
		{C7923232-9152-426D-A672-F7D86D0EBAF8}.Ad-Hoc|x64.Build.0 = Release|Any CPU
		{C7923232-9152-426D-A672-F7D86D0EBAF8}.Ad-Hoc|x86.ActiveCfg = Release|Any CPU
		{C7923232-9152-426D-A672-F7D86D0EBAF8}.Ad-Hoc|x86.Build.0 = Release|Any CPU
		{C7923232-9152-426D-A672-F7D86D0EBAF8}.AppStore|Any CPU.ActiveCfg = Release|Any CPU
		{C7923232-9152-426D-A672-F7D86D0EBAF8}.AppStore|Any CPU.Build.0 = Release|Any CPU
		{C7923232-9152-426D-A672-F7D86D0EBAF8}.AppStore|ARM.ActiveCfg = Release|Any CPU
		{C7923232-9152-426D-A672-F7D86D0EBAF8}.AppStore|ARM.Build.0 = Release|Any CPU
		{C7923232-9152-426D-A672-F7D86D0EBAF8}.AppStore|iPhone.ActiveCfg = Release|Any CPU
		{C7923232-9152-426D-A672-F7D86D0EBAF8}.AppStore|iPhone.Build.0 = Release|Any CPU
		{C7923232-9152-426D-A672-F7D86D0EBAF8}.AppStore|iPhoneSimulator.ActiveCfg = Release|Any CPU
		{C7923232-9152-426D-A672-F7D86D0EBAF8}.AppStore|iPhoneSimulator.Build.0 = Release|Any CPU
		{C7923232-9152-426D-A672-F7D86D0EBAF8}.AppStore|x64.ActiveCfg = Release|Any CPU
		{C7923232-9152-426D-A672-F7D86D0EBAF8}.AppStore|x64.Build.0 = Release|Any CPU
		{C7923232-9152-426D-A672-F7D86D0EBAF8}.AppStore|x86.ActiveCfg = Release|Any CPU
		{C7923232-9152-426D-A672-F7D86D0EBAF8}.AppStore|x86.Build.0 = Release|Any CPU
		{C7923232-9152-426D-A672-F7D86D0EBAF8}.Debug|Any CPU.ActiveCfg = Debug|Any CPU
		{C7923232-9152-426D-A672-F7D86D0EBAF8}.Debug|Any CPU.Build.0 = Debug|Any CPU
		{C7923232-9152-426D-A672-F7D86D0EBAF8}.Debug|ARM.ActiveCfg = Debug|Any CPU
		{C7923232-9152-426D-A672-F7D86D0EBAF8}.Debug|ARM.Build.0 = Debug|Any CPU
		{C7923232-9152-426D-A672-F7D86D0EBAF8}.Debug|iPhone.ActiveCfg = Debug|Any CPU
		{C7923232-9152-426D-A672-F7D86D0EBAF8}.Debug|iPhone.Build.0 = Debug|Any CPU
		{C7923232-9152-426D-A672-F7D86D0EBAF8}.Debug|iPhoneSimulator.ActiveCfg = Debug|Any CPU
		{C7923232-9152-426D-A672-F7D86D0EBAF8}.Debug|iPhoneSimulator.Build.0 = Debug|Any CPU
		{C7923232-9152-426D-A672-F7D86D0EBAF8}.Debug|x64.ActiveCfg = Debug|Any CPU
		{C7923232-9152-426D-A672-F7D86D0EBAF8}.Debug|x64.Build.0 = Debug|Any CPU
		{C7923232-9152-426D-A672-F7D86D0EBAF8}.Debug|x86.ActiveCfg = Debug|Any CPU
		{C7923232-9152-426D-A672-F7D86D0EBAF8}.Debug|x86.Build.0 = Debug|Any CPU
		{C7923232-9152-426D-A672-F7D86D0EBAF8}.Release|Any CPU.ActiveCfg = Release|Any CPU
		{C7923232-9152-426D-A672-F7D86D0EBAF8}.Release|Any CPU.Build.0 = Release|Any CPU
		{C7923232-9152-426D-A672-F7D86D0EBAF8}.Release|ARM.ActiveCfg = Release|Any CPU
		{C7923232-9152-426D-A672-F7D86D0EBAF8}.Release|ARM.Build.0 = Release|Any CPU
		{C7923232-9152-426D-A672-F7D86D0EBAF8}.Release|iPhone.ActiveCfg = Release|Any CPU
		{C7923232-9152-426D-A672-F7D86D0EBAF8}.Release|iPhone.Build.0 = Release|Any CPU
		{C7923232-9152-426D-A672-F7D86D0EBAF8}.Release|iPhoneSimulator.ActiveCfg = Release|Any CPU
		{C7923232-9152-426D-A672-F7D86D0EBAF8}.Release|iPhoneSimulator.Build.0 = Release|Any CPU
		{C7923232-9152-426D-A672-F7D86D0EBAF8}.Release|x64.ActiveCfg = Release|Any CPU
		{C7923232-9152-426D-A672-F7D86D0EBAF8}.Release|x64.Build.0 = Release|Any CPU
		{C7923232-9152-426D-A672-F7D86D0EBAF8}.Release|x86.ActiveCfg = Release|Any CPU
		{C7923232-9152-426D-A672-F7D86D0EBAF8}.Release|x86.Build.0 = Release|Any CPU
		{07DAF2E0-7DE7-4C5D-8E7A-0A88425CAF8D}.Ad-Hoc|Any CPU.ActiveCfg = Release|Any CPU
		{07DAF2E0-7DE7-4C5D-8E7A-0A88425CAF8D}.Ad-Hoc|Any CPU.Build.0 = Release|Any CPU
		{07DAF2E0-7DE7-4C5D-8E7A-0A88425CAF8D}.Ad-Hoc|ARM.ActiveCfg = Release|Any CPU
		{07DAF2E0-7DE7-4C5D-8E7A-0A88425CAF8D}.Ad-Hoc|ARM.Build.0 = Release|Any CPU
		{07DAF2E0-7DE7-4C5D-8E7A-0A88425CAF8D}.Ad-Hoc|iPhone.ActiveCfg = Release|Any CPU
		{07DAF2E0-7DE7-4C5D-8E7A-0A88425CAF8D}.Ad-Hoc|iPhone.Build.0 = Release|Any CPU
		{07DAF2E0-7DE7-4C5D-8E7A-0A88425CAF8D}.Ad-Hoc|iPhoneSimulator.ActiveCfg = Release|Any CPU
		{07DAF2E0-7DE7-4C5D-8E7A-0A88425CAF8D}.Ad-Hoc|iPhoneSimulator.Build.0 = Release|Any CPU
		{07DAF2E0-7DE7-4C5D-8E7A-0A88425CAF8D}.Ad-Hoc|x64.ActiveCfg = Release|Any CPU
		{07DAF2E0-7DE7-4C5D-8E7A-0A88425CAF8D}.Ad-Hoc|x64.Build.0 = Release|Any CPU
		{07DAF2E0-7DE7-4C5D-8E7A-0A88425CAF8D}.Ad-Hoc|x86.ActiveCfg = Release|Any CPU
		{07DAF2E0-7DE7-4C5D-8E7A-0A88425CAF8D}.Ad-Hoc|x86.Build.0 = Release|Any CPU
		{07DAF2E0-7DE7-4C5D-8E7A-0A88425CAF8D}.AppStore|Any CPU.ActiveCfg = Release|Any CPU
		{07DAF2E0-7DE7-4C5D-8E7A-0A88425CAF8D}.AppStore|Any CPU.Build.0 = Release|Any CPU
		{07DAF2E0-7DE7-4C5D-8E7A-0A88425CAF8D}.AppStore|ARM.ActiveCfg = Release|Any CPU
		{07DAF2E0-7DE7-4C5D-8E7A-0A88425CAF8D}.AppStore|ARM.Build.0 = Release|Any CPU
		{07DAF2E0-7DE7-4C5D-8E7A-0A88425CAF8D}.AppStore|iPhone.ActiveCfg = Release|Any CPU
		{07DAF2E0-7DE7-4C5D-8E7A-0A88425CAF8D}.AppStore|iPhone.Build.0 = Release|Any CPU
		{07DAF2E0-7DE7-4C5D-8E7A-0A88425CAF8D}.AppStore|iPhoneSimulator.ActiveCfg = Release|Any CPU
		{07DAF2E0-7DE7-4C5D-8E7A-0A88425CAF8D}.AppStore|iPhoneSimulator.Build.0 = Release|Any CPU
		{07DAF2E0-7DE7-4C5D-8E7A-0A88425CAF8D}.AppStore|x64.ActiveCfg = Release|Any CPU
		{07DAF2E0-7DE7-4C5D-8E7A-0A88425CAF8D}.AppStore|x64.Build.0 = Release|Any CPU
		{07DAF2E0-7DE7-4C5D-8E7A-0A88425CAF8D}.AppStore|x86.ActiveCfg = Release|Any CPU
		{07DAF2E0-7DE7-4C5D-8E7A-0A88425CAF8D}.AppStore|x86.Build.0 = Release|Any CPU
		{07DAF2E0-7DE7-4C5D-8E7A-0A88425CAF8D}.Debug|Any CPU.ActiveCfg = Debug|Any CPU
		{07DAF2E0-7DE7-4C5D-8E7A-0A88425CAF8D}.Debug|Any CPU.Build.0 = Debug|Any CPU
		{07DAF2E0-7DE7-4C5D-8E7A-0A88425CAF8D}.Debug|ARM.ActiveCfg = Debug|Any CPU
		{07DAF2E0-7DE7-4C5D-8E7A-0A88425CAF8D}.Debug|ARM.Build.0 = Debug|Any CPU
		{07DAF2E0-7DE7-4C5D-8E7A-0A88425CAF8D}.Debug|iPhone.ActiveCfg = Debug|Any CPU
		{07DAF2E0-7DE7-4C5D-8E7A-0A88425CAF8D}.Debug|iPhone.Build.0 = Debug|Any CPU
		{07DAF2E0-7DE7-4C5D-8E7A-0A88425CAF8D}.Debug|iPhoneSimulator.ActiveCfg = Debug|Any CPU
		{07DAF2E0-7DE7-4C5D-8E7A-0A88425CAF8D}.Debug|iPhoneSimulator.Build.0 = Debug|Any CPU
		{07DAF2E0-7DE7-4C5D-8E7A-0A88425CAF8D}.Debug|x64.ActiveCfg = Debug|Any CPU
		{07DAF2E0-7DE7-4C5D-8E7A-0A88425CAF8D}.Debug|x64.Build.0 = Debug|Any CPU
		{07DAF2E0-7DE7-4C5D-8E7A-0A88425CAF8D}.Debug|x86.ActiveCfg = Debug|Any CPU
		{07DAF2E0-7DE7-4C5D-8E7A-0A88425CAF8D}.Debug|x86.Build.0 = Debug|Any CPU
		{07DAF2E0-7DE7-4C5D-8E7A-0A88425CAF8D}.Release|Any CPU.ActiveCfg = Release|Any CPU
		{07DAF2E0-7DE7-4C5D-8E7A-0A88425CAF8D}.Release|Any CPU.Build.0 = Release|Any CPU
		{07DAF2E0-7DE7-4C5D-8E7A-0A88425CAF8D}.Release|ARM.ActiveCfg = Release|Any CPU
		{07DAF2E0-7DE7-4C5D-8E7A-0A88425CAF8D}.Release|ARM.Build.0 = Release|Any CPU
		{07DAF2E0-7DE7-4C5D-8E7A-0A88425CAF8D}.Release|iPhone.ActiveCfg = Release|Any CPU
		{07DAF2E0-7DE7-4C5D-8E7A-0A88425CAF8D}.Release|iPhone.Build.0 = Release|Any CPU
		{07DAF2E0-7DE7-4C5D-8E7A-0A88425CAF8D}.Release|iPhoneSimulator.ActiveCfg = Release|Any CPU
		{07DAF2E0-7DE7-4C5D-8E7A-0A88425CAF8D}.Release|iPhoneSimulator.Build.0 = Release|Any CPU
		{07DAF2E0-7DE7-4C5D-8E7A-0A88425CAF8D}.Release|x64.ActiveCfg = Release|Any CPU
		{07DAF2E0-7DE7-4C5D-8E7A-0A88425CAF8D}.Release|x64.Build.0 = Release|Any CPU
		{07DAF2E0-7DE7-4C5D-8E7A-0A88425CAF8D}.Release|x86.ActiveCfg = Release|Any CPU
		{07DAF2E0-7DE7-4C5D-8E7A-0A88425CAF8D}.Release|x86.Build.0 = Release|Any CPU
	EndGlobalSection
	GlobalSection(SolutionProperties) = preSolution
		HideSolutionNode = FALSE
	EndGlobalSection
	GlobalSection(NestedProjects) = preSolution
		{C7923232-9152-426D-A672-F7D86D0EBAF8} = {F2AB3373-88AE-4C31-9DD9-4252939656BD}
		{07DAF2E0-7DE7-4C5D-8E7A-0A88425CAF8D} = {F2AB3373-88AE-4C31-9DD9-4252939656BD}
	EndGlobalSection
EndGlobal
